PODS:
  - Realm (2.4.4):
    - Realm/Headers (= 2.4.4)
  - Realm/Headers (2.4.4)
  - RealmSwift (2.4.4):
    - Realm (= 2.4.4)

DEPENDENCIES:
  - RealmSwift

SPEC CHECKSUMS:
  Realm: 5a280a1f5a9a3c267bebf4f41ee47911137703d7
  RealmSwift: 0c02b9f2d4be4301c497ed10e53a0580584eb1dd

PODFILE CHECKSUM: 73fa8c40fe72a58001a5987fc3aa6559e3c14fb1

COCOAPODS: 1.2.0
