PODS:
  - KeyHolder (2.0.0):
    - Magnet (~> 2.0)
  - Magnet (2.0.0)
  - Realm (2.5.0):
    - Realm/Headers (= 2.5.0)
  - Realm/Headers (2.5.0)
  - RealmSwift (2.5.0):
    - Realm (= 2.5.0)
  - SwiftFormat/CLI (0.28.6)

DEPENDENCIES:
  - KeyHolder
  - Magnet
  - RealmSwift
  - SwiftFormat/CLI

SPEC CHECKSUMS:
  KeyHolder: 2389c8c9f911d56c413b1b288efa072e7a992c81
  Magnet: b30d2807dd0d8a349ce4e6574ecefa38012d02ca
  Realm: 62abce501668580092d2be9b6ba7324a3d5f906a
  RealmSwift: 9f1a8f624f2f153410115c2cb7d486be9976565d
  SwiftFormat: 9acb099fdbb44d4ca83e031361b1e3c701cd25ed

PODFILE CHECKSUM: 01f03e797c5af27099be94947ff8862c79ae4e11

COCOAPODS: 1.2.1
