// !$*UTF8*$!
{
	archiveVersion = 1;
	classes = {
	};
	objectVersion = 46;
	objects = {

/* Begin PBXBuildFile section */
		2C06ABD31E8EA46700B6DE70 /* String+componentsSeparated.swift in Sources */ = {isa = PBXBuildFile; fileRef = 2C06ABD21E8EA46700B6DE70 /* String+componentsSeparated.swift */; };
		2C06ABD51E8EA48400B6DE70 /* String+removeInt.swift in Sources */ = {isa = PBXBuildFile; fileRef = 2C06ABD41E8EA48400B6DE70 /* String+removeInt.swift */; };
		2C06ABD81E8F697200B6DE70 /* myTextLabel.swift in Sources */ = {isa = PBXBuildFile; fileRef = 2C06ABD71E8F697200B6DE70 /* myTextLabel.swift */; };
		2C06ABDA1E8F6AD200B6DE70 /* myRecordView.swift in Sources */ = {isa = PBXBuildFile; fileRef = 2C06ABD91E8F6AD200B6DE70 /* myRecordView.swift */; };
		2C06ABDC1E8F925F00B6DE70 /* myNSButton.swift in Sources */ = {isa = PBXBuildFile; fileRef = 2C06ABDB1E8F925F00B6DE70 /* myNSButton.swift */; };
		2C06ABDE1E8FBA2600B6DE70 /* Array+canAccess.swift in Sources */ = {isa = PBXBuildFile; fileRef = 2C06ABDD1E8FBA2600B6DE70 /* Array+canAccess.swift */; };
		2C06ABE01E9103B500B6DE70 /* String+calcWidth+calcHeight.swift in Sources */ = {isa = PBXBuildFile; fileRef = 2C06ABDF1E9103B500B6DE70 /* String+calcWidth+calcHeight.swift */; };
		2C06ABE21E910CAC00B6DE70 /* NSTextField+focusWithoutSelectText.swift in Sources */ = {isa = PBXBuildFile; fileRef = 2C06ABE11E910CAC00B6DE70 /* NSTextField+focusWithoutSelectText.swift */; };
		2C3AA4681E97CEE200988ACC /* Score.swift in Sources */ = {isa = PBXBuildFile; fileRef = 2C3AA4671E97CEE200988ACC /* Score.swift */; };
		2C471B551E7BAA6A00FCF0DA /* Card.swift in Sources */ = {isa = PBXBuildFile; fileRef = 2C471B541E7BAA6A00FCF0DA /* Card.swift */; };
		2C471B571E7BAA8F00FCF0DA /* CardHolder.swift in Sources */ = {isa = PBXBuildFile; fileRef = 2C471B561E7BAA8F00FCF0DA /* CardHolder.swift */; };
		2C471B591E813D0300FCF0DA /* NSRange+contain.swift in Sources */ = {isa = PBXBuildFile; fileRef = 2C471B581E813D0300FCF0DA /* NSRange+contain.swift */; };
		2C471B5B1E81503300FCF0DA /* GeneralView.swift in Sources */ = {isa = PBXBuildFile; fileRef = 2C471B5A1E81503300FCF0DA /* GeneralView.swift */; };
		2C471B5E1E81F50C00FCF0DA /* GeneralViewController.swift in Sources */ = {isa = PBXBuildFile; fileRef = 2C471B5D1E81F50C00FCF0DA /* GeneralViewController.swift */; };
		2C471B601E82049500FCF0DA /* CardsView.swift in Sources */ = {isa = PBXBuildFile; fileRef = 2C471B5F1E82049500FCF0DA /* CardsView.swift */; };
		2C471B621E8204A700FCF0DA /* CardsViewController.swift in Sources */ = {isa = PBXBuildFile; fileRef = 2C471B611E8204A700FCF0DA /* CardsViewController.swift */; };
		2C4769741E85EF4100814D28 /* PlayCardWindowController.swift in Sources */ = {isa = PBXBuildFile; fileRef = 2C4769731E85EF4100814D28 /* PlayCardWindowController.swift */; };
		2C4769761E85EF9B00814D28 /* PlayCardViewController.swift in Sources */ = {isa = PBXBuildFile; fileRef = 2C4769751E85EF9B00814D28 /* PlayCardViewController.swift */; };
		2C4769781E85F00400814D28 /* PlayCardView.swift in Sources */ = {isa = PBXBuildFile; fileRef = 2C4769771E85F00400814D28 /* PlayCardView.swift */; };
		2C47697A1E8696DB00814D28 /* Collection+shuffle.swift in Sources */ = {isa = PBXBuildFile; fileRef = 2C4769791E8696DB00814D28 /* Collection+shuffle.swift */; };
		2C47697C1E86971500814D28 /* MutableCollection+shuffleInPlace.swift in Sources */ = {isa = PBXBuildFile; fileRef = 2C47697B1E86971500814D28 /* MutableCollection+shuffleInPlace.swift */; };
		2C4769801E86AA4D00814D28 /* StatusBarItem.swift in Sources */ = {isa = PBXBuildFile; fileRef = 2C47697F1E86AA4D00814D28 /* StatusBarItem.swift */; };
		2C4769831E86AA8D00814D28 /* StatusBarItemController.swift in Sources */ = {isa = PBXBuildFile; fileRef = 2C4769821E86AA8D00814D28 /* StatusBarItemController.swift */; };
		2C4769851E87427200814D28 /* AppSettings.swift in Sources */ = {isa = PBXBuildFile; fileRef = 2C4769841E87427200814D28 /* AppSettings.swift */; };
		2C47698D1E8A3C0100814D28 /* CardHolderTableView.swift in Sources */ = {isa = PBXBuildFile; fileRef = 2C47698C1E8A3C0100814D28 /* CardHolderTableView.swift */; };
		2C47698F1E8A452500814D28 /* CardTableView.swift in Sources */ = {isa = PBXBuildFile; fileRef = 2C47698E1E8A452500814D28 /* CardTableView.swift */; };
		2C4769951E8D3D4400814D28 /* CardsListPresenter.swift in Sources */ = {isa = PBXBuildFile; fileRef = 2C4769941E8D3D4400814D28 /* CardsListPresenter.swift */; };
		2C4769971E8D3EFD00814D28 /* CardHoldersListPresenter.swift in Sources */ = {isa = PBXBuildFile; fileRef = 2C4769961E8D3EFD00814D28 /* CardHoldersListPresenter.swift */; };
		2C47D9E51EFAB38800EAFE8B /* ViewSizeProvider.swift in Sources */ = {isa = PBXBuildFile; fileRef = 2C47D9E41EFAB38800EAFE8B /* ViewSizeProvider.swift */; };
		2C914D3D1EFAA6B300EFE936 /* WindowSizeCalculator.swift in Sources */ = {isa = PBXBuildFile; fileRef = 2C914D3C1EFAA6B300EFE936 /* WindowSizeCalculator.swift */; };
		2C9A0D411E985F19007225E7 /* CardNode.swift in Sources */ = {isa = PBXBuildFile; fileRef = 2C9A0D401E985F19007225E7 /* CardNode.swift */; };
		2C9A0D431E9886E2007225E7 /* PlayCardScene.swift in Sources */ = {isa = PBXBuildFile; fileRef = 2C9A0D421E9886E2007225E7 /* PlayCardScene.swift */; };
		2CA38D611E72421700E850FC /* EditCardViewController.swift in Sources */ = {isa = PBXBuildFile; fileRef = 2CA38D601E72421700E850FC /* EditCardViewController.swift */; };
		2CA38D631E72424700E850FC /* EditCardView.swift in Sources */ = {isa = PBXBuildFile; fileRef = 2CA38D621E72424700E850FC /* EditCardView.swift */; };
		2CA38D751E736E7700E850FC /* SearchResultsView.swift in Sources */ = {isa = PBXBuildFile; fileRef = 2CA38D741E736E7700E850FC /* SearchResultsView.swift */; };
		2CA38D771E73735600E850FC /* SearchResultView.swift in Sources */ = {isa = PBXBuildFile; fileRef = 2CA38D761E73735600E850FC /* SearchResultView.swift */; };
		2CBD97741E7B9F19007031BD /* NSView+removeAllConstraints.swift in Sources */ = {isa = PBXBuildFile; fileRef = 2CBD97731E7B9F19007031BD /* NSView+removeAllConstraints.swift */; };
		2CD4958D1E6CE6150001B727 /* SettingsWindowController.swift in Sources */ = {isa = PBXBuildFile; fileRef = 2CD4958C1E6CE6150001B727 /* SettingsWindowController.swift */; };
		2CD495951E7138880001B727 /* CoreServiceDictionary.swift in Sources */ = {isa = PBXBuildFile; fileRef = 2CD495941E7138880001B727 /* CoreServiceDictionary.swift */; };
		4D021997B161451396FD843C /* Pods_flashcardTests.framework in Frameworks */ = {isa = PBXBuildFile; fileRef = 6F332D18B9A6EDA446C56CC1 /* Pods_flashcardTests.framework */; };
		A0809A8B1E6A286F005F3724 /* SearchView.swift in Sources */ = {isa = PBXBuildFile; fileRef = A0809A8A1E6A286F005F3724 /* SearchView.swift */; };
		A0B2ED5C1E68DBF700D4F083 /* main.swift in Sources */ = {isa = PBXBuildFile; fileRef = A0B2ED5B1E68DBF700D4F083 /* main.swift */; };
		A0B2ED611E68EE5400D4F083 /* QuickWindowController.swift in Sources */ = {isa = PBXBuildFile; fileRef = A0B2ED601E68EE5400D4F083 /* QuickWindowController.swift */; };
		A0CA5D4E1EFB309D004DA8AD /* NSKeyDetectableWindow.swift in Sources */ = {isa = PBXBuildFile; fileRef = A0CA5D4D1EFB309D004DA8AD /* NSKeyDetectableWindow.swift */; };
		A0CA5D511EFB33B9004DA8AD /* SettingsWindowToolbar.swift in Sources */ = {isa = PBXBuildFile; fileRef = A0CA5D501EFB33B9004DA8AD /* SettingsWindowToolbar.swift */; };
		A0CA5D531EFB3D19004DA8AD /* HoldersViewController.swift in Sources */ = {isa = PBXBuildFile; fileRef = A0CA5D521EFB3D19004DA8AD /* HoldersViewController.swift */; };
		A0CA5D551EFB4096004DA8AD /* HoldersView.swift in Sources */ = {isa = PBXBuildFile; fileRef = A0CA5D541EFB4096004DA8AD /* HoldersView.swift */; };
		A0CA5D571EFB40D5004DA8AD /* HoldersCardsView.swift in Sources */ = {isa = PBXBuildFile; fileRef = A0CA5D561EFB40D5004DA8AD /* HoldersCardsView.swift */; };
		A0CA5D5A1EFB45A9004DA8AD /* HoldersCardsViewController.swift in Sources */ = {isa = PBXBuildFile; fileRef = A0CA5D591EFB45A9004DA8AD /* HoldersCardsViewController.swift */; };
		A0DCC2CF1E66DA1C0071A00E /* AppDelegate.swift in Sources */ = {isa = PBXBuildFile; fileRef = A0DCC2CE1E66DA1C0071A00E /* AppDelegate.swift */; };
		A0DCC2D11E66DA1C0071A00E /* SearchViewController.swift in Sources */ = {isa = PBXBuildFile; fileRef = A0DCC2D01E66DA1C0071A00E /* SearchViewController.swift */; };
		A0DCC2D31E66DA1C0071A00E /* Assets.xcassets in Resources */ = {isa = PBXBuildFile; fileRef = A0DCC2D21E66DA1C0071A00E /* Assets.xcassets */; };
		A0DCC2E11E66DA1C0071A00E /* flashcardTests.swift in Sources */ = {isa = PBXBuildFile; fileRef = A0DCC2E01E66DA1C0071A00E /* flashcardTests.swift */; };
		B65422B46C49F8DAB8DC4A9B /* Pods_flashcard.framework in Frameworks */ = {isa = PBXBuildFile; fileRef = B57CD933797F10DB6B666DD2 /* Pods_flashcard.framework */; };
/* End PBXBuildFile section */

/* Begin PBXContainerItemProxy section */
		A0DCC2DD1E66DA1C0071A00E /* PBXContainerItemProxy */ = {
			isa = PBXContainerItemProxy;
			containerPortal = A0DCC2C31E66DA1C0071A00E /* Project object */;
			proxyType = 1;
			remoteGlobalIDString = A0DCC2CA1E66DA1C0071A00E;
			remoteInfo = flashcard;
		};
/* End PBXContainerItemProxy section */

/* Begin PBXFileReference section */
		2C06ABD21E8EA46700B6DE70 /* String+componentsSeparated.swift */ = {isa = PBXFileReference; fileEncoding = 4; lastKnownFileType = sourcecode.swift; path = "String+componentsSeparated.swift"; sourceTree = "<group>"; };
		2C06ABD41E8EA48400B6DE70 /* String+removeInt.swift */ = {isa = PBXFileReference; fileEncoding = 4; lastKnownFileType = sourcecode.swift; path = "String+removeInt.swift"; sourceTree = "<group>"; };
		2C06ABD71E8F697200B6DE70 /* myTextLabel.swift */ = {isa = PBXFileReference; fileEncoding = 4; lastKnownFileType = sourcecode.swift; path = myTextLabel.swift; sourceTree = "<group>"; };
		2C06ABD91E8F6AD200B6DE70 /* myRecordView.swift */ = {isa = PBXFileReference; fileEncoding = 4; lastKnownFileType = sourcecode.swift; path = myRecordView.swift; sourceTree = "<group>"; };
		2C06ABDB1E8F925F00B6DE70 /* myNSButton.swift */ = {isa = PBXFileReference; fileEncoding = 4; lastKnownFileType = sourcecode.swift; path = myNSButton.swift; sourceTree = "<group>"; };
		2C06ABDD1E8FBA2600B6DE70 /* Array+canAccess.swift */ = {isa = PBXFileReference; fileEncoding = 4; lastKnownFileType = sourcecode.swift; path = "Array+canAccess.swift"; sourceTree = "<group>"; };
		2C06ABDF1E9103B500B6DE70 /* String+calcWidth+calcHeight.swift */ = {isa = PBXFileReference; fileEncoding = 4; lastKnownFileType = sourcecode.swift; path = "String+calcWidth+calcHeight.swift"; sourceTree = "<group>"; };
		2C06ABE11E910CAC00B6DE70 /* NSTextField+focusWithoutSelectText.swift */ = {isa = PBXFileReference; fileEncoding = 4; lastKnownFileType = sourcecode.swift; path = "NSTextField+focusWithoutSelectText.swift"; sourceTree = "<group>"; };
		2C3AA4671E97CEE200988ACC /* Score.swift */ = {isa = PBXFileReference; fileEncoding = 4; lastKnownFileType = sourcecode.swift; path = Score.swift; sourceTree = "<group>"; };
		2C471B541E7BAA6A00FCF0DA /* Card.swift */ = {isa = PBXFileReference; fileEncoding = 4; lastKnownFileType = sourcecode.swift; path = Card.swift; sourceTree = "<group>"; };
		2C471B561E7BAA8F00FCF0DA /* CardHolder.swift */ = {isa = PBXFileReference; fileEncoding = 4; lastKnownFileType = sourcecode.swift; path = CardHolder.swift; sourceTree = "<group>"; };
		2C471B581E813D0300FCF0DA /* NSRange+contain.swift */ = {isa = PBXFileReference; fileEncoding = 4; lastKnownFileType = sourcecode.swift; path = "NSRange+contain.swift"; sourceTree = "<group>"; };
		2C471B5A1E81503300FCF0DA /* GeneralView.swift */ = {isa = PBXFileReference; fileEncoding = 4; lastKnownFileType = sourcecode.swift; path = GeneralView.swift; sourceTree = "<group>"; };
		2C471B5D1E81F50C00FCF0DA /* GeneralViewController.swift */ = {isa = PBXFileReference; fileEncoding = 4; lastKnownFileType = sourcecode.swift; path = GeneralViewController.swift; sourceTree = "<group>"; };
		2C471B5F1E82049500FCF0DA /* CardsView.swift */ = {isa = PBXFileReference; fileEncoding = 4; lastKnownFileType = sourcecode.swift; path = CardsView.swift; sourceTree = "<group>"; };
		2C471B611E8204A700FCF0DA /* CardsViewController.swift */ = {isa = PBXFileReference; fileEncoding = 4; lastKnownFileType = sourcecode.swift; path = CardsViewController.swift; sourceTree = "<group>"; };
		2C4769731E85EF4100814D28 /* PlayCardWindowController.swift */ = {isa = PBXFileReference; fileEncoding = 4; lastKnownFileType = sourcecode.swift; path = PlayCardWindowController.swift; sourceTree = "<group>"; };
		2C4769751E85EF9B00814D28 /* PlayCardViewController.swift */ = {isa = PBXFileReference; fileEncoding = 4; lastKnownFileType = sourcecode.swift; path = PlayCardViewController.swift; sourceTree = "<group>"; };
		2C4769771E85F00400814D28 /* PlayCardView.swift */ = {isa = PBXFileReference; fileEncoding = 4; lastKnownFileType = sourcecode.swift; path = PlayCardView.swift; sourceTree = "<group>"; };
		2C4769791E8696DB00814D28 /* Collection+shuffle.swift */ = {isa = PBXFileReference; fileEncoding = 4; lastKnownFileType = sourcecode.swift; path = "Collection+shuffle.swift"; sourceTree = "<group>"; };
		2C47697B1E86971500814D28 /* MutableCollection+shuffleInPlace.swift */ = {isa = PBXFileReference; fileEncoding = 4; lastKnownFileType = sourcecode.swift; path = "MutableCollection+shuffleInPlace.swift"; sourceTree = "<group>"; };
		2C47697F1E86AA4D00814D28 /* StatusBarItem.swift */ = {isa = PBXFileReference; fileEncoding = 4; lastKnownFileType = sourcecode.swift; path = StatusBarItem.swift; sourceTree = "<group>"; };
		2C4769821E86AA8D00814D28 /* StatusBarItemController.swift */ = {isa = PBXFileReference; fileEncoding = 4; lastKnownFileType = sourcecode.swift; path = StatusBarItemController.swift; sourceTree = "<group>"; };
		2C4769841E87427200814D28 /* AppSettings.swift */ = {isa = PBXFileReference; fileEncoding = 4; lastKnownFileType = sourcecode.swift; path = AppSettings.swift; sourceTree = "<group>"; };
		2C47698C1E8A3C0100814D28 /* CardHolderTableView.swift */ = {isa = PBXFileReference; fileEncoding = 4; lastKnownFileType = sourcecode.swift; path = CardHolderTableView.swift; sourceTree = "<group>"; };
		2C47698E1E8A452500814D28 /* CardTableView.swift */ = {isa = PBXFileReference; fileEncoding = 4; lastKnownFileType = sourcecode.swift; path = CardTableView.swift; sourceTree = "<group>"; };
		2C4769941E8D3D4400814D28 /* CardsListPresenter.swift */ = {isa = PBXFileReference; fileEncoding = 4; lastKnownFileType = sourcecode.swift; name = CardsListPresenter.swift; path = DataModel/CardsListPresenter.swift; sourceTree = "<group>"; };
		2C4769961E8D3EFD00814D28 /* CardHoldersListPresenter.swift */ = {isa = PBXFileReference; fileEncoding = 4; lastKnownFileType = sourcecode.swift; name = CardHoldersListPresenter.swift; path = DataModel/CardHoldersListPresenter.swift; sourceTree = "<group>"; };
		2C47D9E41EFAB38800EAFE8B /* ViewSizeProvider.swift */ = {isa = PBXFileReference; fileEncoding = 4; lastKnownFileType = sourcecode.swift; path = ViewSizeProvider.swift; sourceTree = "<group>"; };
		2C914D3C1EFAA6B300EFE936 /* WindowSizeCalculator.swift */ = {isa = PBXFileReference; fileEncoding = 4; lastKnownFileType = sourcecode.swift; path = WindowSizeCalculator.swift; sourceTree = "<group>"; };
		2C9A0D401E985F19007225E7 /* CardNode.swift */ = {isa = PBXFileReference; fileEncoding = 4; lastKnownFileType = sourcecode.swift; path = CardNode.swift; sourceTree = "<group>"; };
		2C9A0D421E9886E2007225E7 /* PlayCardScene.swift */ = {isa = PBXFileReference; fileEncoding = 4; lastKnownFileType = sourcecode.swift; path = PlayCardScene.swift; sourceTree = "<group>"; };
		2CA38D601E72421700E850FC /* EditCardViewController.swift */ = {isa = PBXFileReference; fileEncoding = 4; lastKnownFileType = sourcecode.swift; path = EditCardViewController.swift; sourceTree = "<group>"; };
		2CA38D621E72424700E850FC /* EditCardView.swift */ = {isa = PBXFileReference; fileEncoding = 4; lastKnownFileType = sourcecode.swift; path = EditCardView.swift; sourceTree = "<group>"; };
		2CA38D741E736E7700E850FC /* SearchResultsView.swift */ = {isa = PBXFileReference; fileEncoding = 4; lastKnownFileType = sourcecode.swift; path = SearchResultsView.swift; sourceTree = "<group>"; };
		2CA38D761E73735600E850FC /* SearchResultView.swift */ = {isa = PBXFileReference; fileEncoding = 4; lastKnownFileType = sourcecode.swift; path = SearchResultView.swift; sourceTree = "<group>"; };
		2CBD97731E7B9F19007031BD /* NSView+removeAllConstraints.swift */ = {isa = PBXFileReference; fileEncoding = 4; lastKnownFileType = sourcecode.swift; path = "NSView+removeAllConstraints.swift"; sourceTree = "<group>"; };
		2CD4958C1E6CE6150001B727 /* SettingsWindowController.swift */ = {isa = PBXFileReference; fileEncoding = 4; lastKnownFileType = sourcecode.swift; path = SettingsWindowController.swift; sourceTree = "<group>"; };
		2CD495941E7138880001B727 /* CoreServiceDictionary.swift */ = {isa = PBXFileReference; fileEncoding = 4; lastKnownFileType = sourcecode.swift; path = CoreServiceDictionary.swift; sourceTree = "<group>"; };
		6F332D18B9A6EDA446C56CC1 /* Pods_flashcardTests.framework */ = {isa = PBXFileReference; explicitFileType = wrapper.framework; includeInIndex = 0; path = Pods_flashcardTests.framework; sourceTree = BUILT_PRODUCTS_DIR; };
		96EC89399B92D09C818CF547 /* Pods-flashcardTests.release.xcconfig */ = {isa = PBXFileReference; includeInIndex = 1; lastKnownFileType = text.xcconfig; name = "Pods-flashcardTests.release.xcconfig"; path = "Pods/Target Support Files/Pods-flashcardTests/Pods-flashcardTests.release.xcconfig"; sourceTree = "<group>"; };
		A0809A8A1E6A286F005F3724 /* SearchView.swift */ = {isa = PBXFileReference; fileEncoding = 4; lastKnownFileType = sourcecode.swift; path = SearchView.swift; sourceTree = "<group>"; };
		A0B2ED5B1E68DBF700D4F083 /* main.swift */ = {isa = PBXFileReference; fileEncoding = 4; lastKnownFileType = sourcecode.swift; path = main.swift; sourceTree = "<group>"; };
		A0B2ED601E68EE5400D4F083 /* QuickWindowController.swift */ = {isa = PBXFileReference; fileEncoding = 4; lastKnownFileType = sourcecode.swift; path = QuickWindowController.swift; sourceTree = "<group>"; };
		A0CA5D4D1EFB309D004DA8AD /* NSKeyDetectableWindow.swift */ = {isa = PBXFileReference; fileEncoding = 4; lastKnownFileType = sourcecode.swift; path = NSKeyDetectableWindow.swift; sourceTree = "<group>"; };
		A0CA5D501EFB33B9004DA8AD /* SettingsWindowToolbar.swift */ = {isa = PBXFileReference; fileEncoding = 4; lastKnownFileType = sourcecode.swift; path = SettingsWindowToolbar.swift; sourceTree = "<group>"; };
		A0CA5D521EFB3D19004DA8AD /* HoldersViewController.swift */ = {isa = PBXFileReference; fileEncoding = 4; lastKnownFileType = sourcecode.swift; path = HoldersViewController.swift; sourceTree = "<group>"; };
		A0CA5D541EFB4096004DA8AD /* HoldersView.swift */ = {isa = PBXFileReference; fileEncoding = 4; lastKnownFileType = sourcecode.swift; path = HoldersView.swift; sourceTree = "<group>"; };
		A0CA5D561EFB40D5004DA8AD /* HoldersCardsView.swift */ = {isa = PBXFileReference; fileEncoding = 4; lastKnownFileType = sourcecode.swift; path = HoldersCardsView.swift; sourceTree = "<group>"; };
		A0CA5D591EFB45A9004DA8AD /* HoldersCardsViewController.swift */ = {isa = PBXFileReference; fileEncoding = 4; lastKnownFileType = sourcecode.swift; name = HoldersCardsViewController.swift; path = ../HoldersCardsViewController.swift; sourceTree = "<group>"; };
		A0DCC2CB1E66DA1C0071A00E /* flashcard.app */ = {isa = PBXFileReference; explicitFileType = wrapper.application; includeInIndex = 0; path = flashcard.app; sourceTree = BUILT_PRODUCTS_DIR; };
		A0DCC2CE1E66DA1C0071A00E /* AppDelegate.swift */ = {isa = PBXFileReference; lastKnownFileType = sourcecode.swift; path = AppDelegate.swift; sourceTree = "<group>"; };
		A0DCC2D01E66DA1C0071A00E /* SearchViewController.swift */ = {isa = PBXFileReference; lastKnownFileType = sourcecode.swift; path = SearchViewController.swift; sourceTree = "<group>"; };
		A0DCC2D21E66DA1C0071A00E /* Assets.xcassets */ = {isa = PBXFileReference; lastKnownFileType = folder.assetcatalog; path = Assets.xcassets; sourceTree = "<group>"; };
		A0DCC2D71E66DA1C0071A00E /* Info.plist */ = {isa = PBXFileReference; lastKnownFileType = text.plist.xml; path = Info.plist; sourceTree = "<group>"; };
		A0DCC2DC1E66DA1C0071A00E /* flashcardTests.xctest */ = {isa = PBXFileReference; explicitFileType = wrapper.cfbundle; includeInIndex = 0; path = flashcardTests.xctest; sourceTree = BUILT_PRODUCTS_DIR; };
		A0DCC2E01E66DA1C0071A00E /* flashcardTests.swift */ = {isa = PBXFileReference; lastKnownFileType = sourcecode.swift; path = flashcardTests.swift; sourceTree = "<group>"; };
		A0DCC2E21E66DA1C0071A00E /* Info.plist */ = {isa = PBXFileReference; lastKnownFileType = text.plist.xml; path = Info.plist; sourceTree = "<group>"; };
		B57CD933797F10DB6B666DD2 /* Pods_flashcard.framework */ = {isa = PBXFileReference; explicitFileType = wrapper.framework; includeInIndex = 0; path = Pods_flashcard.framework; sourceTree = BUILT_PRODUCTS_DIR; };
		B8354AEEB114B9B33003A885 /* Pods-flashcard.debug.xcconfig */ = {isa = PBXFileReference; includeInIndex = 1; lastKnownFileType = text.xcconfig; name = "Pods-flashcard.debug.xcconfig"; path = "Pods/Target Support Files/Pods-flashcard/Pods-flashcard.debug.xcconfig"; sourceTree = "<group>"; };
		C9F6736538DABCC989E41A4F /* Pods-flashcardTests.debug.xcconfig */ = {isa = PBXFileReference; includeInIndex = 1; lastKnownFileType = text.xcconfig; name = "Pods-flashcardTests.debug.xcconfig"; path = "Pods/Target Support Files/Pods-flashcardTests/Pods-flashcardTests.debug.xcconfig"; sourceTree = "<group>"; };
		E209058C349CCEA67DFC8363 /* Pods-flashcard.release.xcconfig */ = {isa = PBXFileReference; includeInIndex = 1; lastKnownFileType = text.xcconfig; name = "Pods-flashcard.release.xcconfig"; path = "Pods/Target Support Files/Pods-flashcard/Pods-flashcard.release.xcconfig"; sourceTree = "<group>"; };
/* End PBXFileReference section */

/* Begin PBXFrameworksBuildPhase section */
		A0DCC2C81E66DA1C0071A00E /* Frameworks */ = {
			isa = PBXFrameworksBuildPhase;
			buildActionMask = 2147483647;
			files = (
				B65422B46C49F8DAB8DC4A9B /* Pods_flashcard.framework in Frameworks */,
			);
			runOnlyForDeploymentPostprocessing = 0;
		};
		A0DCC2D91E66DA1C0071A00E /* Frameworks */ = {
			isa = PBXFrameworksBuildPhase;
			buildActionMask = 2147483647;
			files = (
				4D021997B161451396FD843C /* Pods_flashcardTests.framework in Frameworks */,
			);
			runOnlyForDeploymentPostprocessing = 0;
		};
/* End PBXFrameworksBuildPhase section */

/* Begin PBXGroup section */
		2036D7FF93F0157A3012EA96 /* Frameworks */ = {
			isa = PBXGroup;
			children = (
				B57CD933797F10DB6B666DD2 /* Pods_flashcard.framework */,
				6F332D18B9A6EDA446C56CC1 /* Pods_flashcardTests.framework */,
			);
			name = Frameworks;
			sourceTree = "<group>";
		};
		2C06ABD61E8F695F00B6DE70 /* Components */ = {
			isa = PBXGroup;
			children = (
				2C06ABDB1E8F925F00B6DE70 /* myNSButton.swift */,
				2C06ABD91E8F6AD200B6DE70 /* myRecordView.swift */,
				2C06ABD71E8F697200B6DE70 /* myTextLabel.swift */,
			);
			path = Components;
			sourceTree = "<group>";
		};
		2C471B531E7BAA5A00FCF0DA /* DataModel */ = {
			isa = PBXGroup;
			children = (
				2C4769841E87427200814D28 /* AppSettings.swift */,
				2C471B541E7BAA6A00FCF0DA /* Card.swift */,
				2C471B561E7BAA8F00FCF0DA /* CardHolder.swift */,
				2C3AA4671E97CEE200988ACC /* Score.swift */,
			);
			path = DataModel;
			sourceTree = "<group>";
		};
		2C471B5C1E81F4FA00FCF0DA /* View Controllers */ = {
			isa = PBXGroup;
			children = (
				A0CA5D5B1EFB45B3004DA8AD /* HoldersCards Delegate */,
				A0CA5D591EFB45A9004DA8AD /* HoldersCardsViewController.swift */,
				2C471B5D1E81F50C00FCF0DA /* GeneralViewController.swift */,
			);
			path = "View Controllers";
			sourceTree = "<group>";
		};
		2C4769711E85EABE00814D28 /* Play Window */ = {
			isa = PBXGroup;
			children = (
				2C9A0D401E985F19007225E7 /* CardNode.swift */,
				2C9A0D421E9886E2007225E7 /* PlayCardScene.swift */,
				2C4769771E85F00400814D28 /* PlayCardView.swift */,
			);
			path = "Play Window";
			sourceTree = "<group>";
		};
		2C4769721E85EAC900814D28 /* Play Window */ = {
			isa = PBXGroup;
			children = (
				2C47D9E61EFAB58200EAFE8B /* View Controllers */,
				2C4769731E85EF4100814D28 /* PlayCardWindowController.swift */,
			);
			path = "Play Window";
			sourceTree = "<group>";
		};
		2C47697D1E86A28400814D28 /* extensions */ = {
			isa = PBXGroup;
			children = (
				2C06ABDD1E8FBA2600B6DE70 /* Array+canAccess.swift */,
				2C4769791E8696DB00814D28 /* Collection+shuffle.swift */,
				2C47697B1E86971500814D28 /* MutableCollection+shuffleInPlace.swift */,
				2C471B581E813D0300FCF0DA /* NSRange+contain.swift */,
				2C06ABE11E910CAC00B6DE70 /* NSTextField+focusWithoutSelectText.swift */,
				2CBD97731E7B9F19007031BD /* NSView+removeAllConstraints.swift */,
				2C06ABDF1E9103B500B6DE70 /* String+calcWidth+calcHeight.swift */,
				2C06ABD21E8EA46700B6DE70 /* String+componentsSeparated.swift */,
				2C06ABD41E8EA48400B6DE70 /* String+removeInt.swift */,
			);
			path = extensions;
			sourceTree = "<group>";
		};
		2C47697E1E86AA3400814D28 /* Status bar */ = {
			isa = PBXGroup;
			children = (
				2C47697F1E86AA4D00814D28 /* StatusBarItem.swift */,
			);
			path = "Status bar";
			sourceTree = "<group>";
		};
		2C4769811E86AA7F00814D28 /* Status bar */ = {
			isa = PBXGroup;
			children = (
				2C4769821E86AA8D00814D28 /* StatusBarItemController.swift */,
			);
			path = "Status bar";
			sourceTree = "<group>";
		};
		2C4769901E8C584500814D28 /* CardsView SubViews */ = {
			isa = PBXGroup;
			children = (
				2C47698C1E8A3C0100814D28 /* CardHolderTableView.swift */,
				2C47698E1E8A452500814D28 /* CardTableView.swift */,
			);
			name = "CardsView SubViews";
			path = "CardsView SubView";
			sourceTree = "<group>";
		};
		2C47D9E61EFAB58200EAFE8B /* View Controllers */ = {
			isa = PBXGroup;
			children = (
				2C4769751E85EF9B00814D28 /* PlayCardViewController.swift */,
			);
			path = "View Controllers";
			sourceTree = "<group>";
		};
		2CA38D661E72ECCE00E850FC /* Quick Window */ = {
			isa = PBXGroup;
			children = (
				2CA38D711E72F08100E850FC /* View Controllers */,
				A0B2ED601E68EE5400D4F083 /* QuickWindowController.swift */,
			);
			path = "Quick Window";
			sourceTree = "<group>";
		};
		2CA38D671E72ECE700E850FC /* Settings Window */ = {
			isa = PBXGroup;
			children = (
				2C471B5C1E81F4FA00FCF0DA /* View Controllers */,
				2CD4958C1E6CE6150001B727 /* SettingsWindowController.swift */,
				A0CA5D501EFB33B9004DA8AD /* SettingsWindowToolbar.swift */,
			);
			path = "Settings Window";
			sourceTree = "<group>";
		};
		2CA38D681E72ECFC00E850FC /* Quick Window */ = {
			isa = PBXGroup;
			children = (
				2CA38D621E72424700E850FC /* EditCardView.swift */,
				2CA38D761E73735600E850FC /* SearchResultView.swift */,
				2CA38D741E736E7700E850FC /* SearchResultsView.swift */,
				A0809A8A1E6A286F005F3724 /* SearchView.swift */,
			);
			path = "Quick Window";
			sourceTree = "<group>";
		};
		2CA38D691E72ED0B00E850FC /* Settings Window */ = {
			isa = PBXGroup;
			children = (
				A0CA5D581EFB40D8004DA8AD /* HoldersCardsView SubViews */,
				A0CA5D561EFB40D5004DA8AD /* HoldersCardsView.swift */,
				2C471B5A1E81503300FCF0DA /* GeneralView.swift */,
			);
			path = "Settings Window";
			sourceTree = "<group>";
		};
		2CA38D711E72F08100E850FC /* View Controllers */ = {
			isa = PBXGroup;
			children = (
				2CA38D601E72421700E850FC /* EditCardViewController.swift */,
				A0DCC2D01E66DA1C0071A00E /* SearchViewController.swift */,
			);
			path = "View Controllers";
			sourceTree = "<group>";
		};
		5CB008E08E3D981C336D99A9 /* Pods */ = {
			isa = PBXGroup;
			children = (
				B8354AEEB114B9B33003A885 /* Pods-flashcard.debug.xcconfig */,
				E209058C349CCEA67DFC8363 /* Pods-flashcard.release.xcconfig */,
				C9F6736538DABCC989E41A4F /* Pods-flashcardTests.debug.xcconfig */,
				96EC89399B92D09C818CF547 /* Pods-flashcardTests.release.xcconfig */,
			);
			name = Pods;
			sourceTree = "<group>";
		};
		A0923DFF1E683F3F003642FD /* src */ = {
			isa = PBXGroup;
			children = (
				A0923E031E683F5F003642FD /* Controller */,
				A0923E011E683F54003642FD /* Model */,
				A0923E021E683F5A003642FD /* View */,
				A0DCC2CE1E66DA1C0071A00E /* AppDelegate.swift */,
				A0B2ED5B1E68DBF700D4F083 /* main.swift */,
			);
			path = src;
			sourceTree = "<group>";
		};
		A0923E001E683F46003642FD /* resources */ = {
			isa = PBXGroup;
			children = (
				A0DCC2D21E66DA1C0071A00E /* Assets.xcassets */,
				A0DCC2D71E66DA1C0071A00E /* Info.plist */,
			);
			path = resources;
			sourceTree = "<group>";
		};
		A0923E011E683F54003642FD /* Model */ = {
			isa = PBXGroup;
			children = (
				A0CA5D4F1EFB3268004DA8AD /* TableView Presenter */,
				2C471B531E7BAA5A00FCF0DA /* DataModel */,
				2C47697D1E86A28400814D28 /* extensions */,
				2CD495941E7138880001B727 /* CoreServiceDictionary.swift */,
			);
			path = Model;
			sourceTree = "<group>";
		};
		A0923E021E683F5A003642FD /* View */ = {
			isa = PBXGroup;
			children = (
				2C06ABD61E8F695F00B6DE70 /* Components */,
				2C4769711E85EABE00814D28 /* Play Window */,
				2CA38D681E72ECFC00E850FC /* Quick Window */,
				2CA38D691E72ED0B00E850FC /* Settings Window */,
				2C47697E1E86AA3400814D28 /* Status bar */,
			);
			path = View;
			sourceTree = "<group>";
		};
		A0923E031E683F5F003642FD /* Controller */ = {
			isa = PBXGroup;
			children = (
				2C4769721E85EAC900814D28 /* Play Window */,
				2CA38D661E72ECCE00E850FC /* Quick Window */,
				2CA38D671E72ECE700E850FC /* Settings Window */,
				2C4769811E86AA7F00814D28 /* Status bar */,
				2C47D9E41EFAB38800EAFE8B /* ViewSizeProvider.swift */,
				2C914D3C1EFAA6B300EFE936 /* WindowSizeCalculator.swift */,
				A0CA5D4D1EFB309D004DA8AD /* NSKeyDetectableWindow.swift */,
			);
			path = Controller;
			sourceTree = "<group>";
		};
		A0CA5D4F1EFB3268004DA8AD /* TableView Presenter */ = {
			isa = PBXGroup;
			children = (
				2C4769961E8D3EFD00814D28 /* CardHoldersListPresenter.swift */,
				2C4769941E8D3D4400814D28 /* CardsListPresenter.swift */,
			);
			name = "TableView Presenter";
			sourceTree = "<group>";
		};
		A0CA5D581EFB40D8004DA8AD /* HoldersCardsView SubViews */ = {
			isa = PBXGroup;
			children = (
				2C4769901E8C584500814D28 /* CardsView SubViews */,
				2C471B5F1E82049500FCF0DA /* CardsView.swift */,
				A0CA5D541EFB4096004DA8AD /* HoldersView.swift */,
			);
			name = "HoldersCardsView SubViews";
			sourceTree = "<group>";
		};
		A0CA5D5B1EFB45B3004DA8AD /* HoldersCards Delegate */ = {
			isa = PBXGroup;
			children = (
				2C471B611E8204A700FCF0DA /* CardsViewController.swift */,
				A0CA5D521EFB3D19004DA8AD /* HoldersViewController.swift */,
			);
			name = "HoldersCards Delegate";
			sourceTree = "<group>";
		};
		A0DCC2C21E66DA1C0071A00E = {
			isa = PBXGroup;
			children = (
				2036D7FF93F0157A3012EA96 /* Frameworks */,
				5CB008E08E3D981C336D99A9 /* Pods */,
				A0DCC2CC1E66DA1C0071A00E /* Products */,
				A0DCC2CD1E66DA1C0071A00E /* flashcard */,
				A0DCC2DF1E66DA1C0071A00E /* flashcardTests */,
			);
			sourceTree = "<group>";
		};
		A0DCC2CC1E66DA1C0071A00E /* Products */ = {
			isa = PBXGroup;
			children = (
				A0DCC2CB1E66DA1C0071A00E /* flashcard.app */,
				A0DCC2DC1E66DA1C0071A00E /* flashcardTests.xctest */,
			);
			name = Products;
			sourceTree = "<group>";
		};
		A0DCC2CD1E66DA1C0071A00E /* flashcard */ = {
			isa = PBXGroup;
			children = (
				A0923E001E683F46003642FD /* resources */,
				A0923DFF1E683F3F003642FD /* src */,
			);
			path = flashcard;
			sourceTree = "<group>";
		};
		A0DCC2DF1E66DA1C0071A00E /* flashcardTests */ = {
			isa = PBXGroup;
			children = (
				A0DCC2E21E66DA1C0071A00E /* Info.plist */,
				A0DCC2E01E66DA1C0071A00E /* flashcardTests.swift */,
			);
			path = flashcardTests;
			sourceTree = "<group>";
		};
/* End PBXGroup section */

/* Begin PBXNativeTarget section */
		A0DCC2CA1E66DA1C0071A00E /* flashcard */ = {
			isa = PBXNativeTarget;
			buildConfigurationList = A0DCC2E51E66DA1C0071A00E /* Build configuration list for PBXNativeTarget "flashcard" */;
			buildPhases = (
				6A6C762DD2A3A0613DC4AB40 /* [CP] Check Pods Manifest.lock */,
				2C342A3C1EF4A02100DFC085 /* Swift Fromat */,
				A0DCC2C71E66DA1C0071A00E /* Sources */,
				A0DCC2C81E66DA1C0071A00E /* Frameworks */,
				A0DCC2C91E66DA1C0071A00E /* Resources */,
				7D542FDA8AB0058124FC3FE0 /* [CP] Embed Pods Frameworks */,
				596FEECD4D5181D038B0052C /* [CP] Copy Pods Resources */,
			);
			buildRules = (
			);
			dependencies = (
			);
			name = flashcard;
			productName = flashcard;
			productReference = A0DCC2CB1E66DA1C0071A00E /* flashcard.app */;
			productType = "com.apple.product-type.application";
		};
		A0DCC2DB1E66DA1C0071A00E /* flashcardTests */ = {
			isa = PBXNativeTarget;
			buildConfigurationList = A0DCC2E81E66DA1C0071A00E /* Build configuration list for PBXNativeTarget "flashcardTests" */;
			buildPhases = (
				3940238AD8EE38B9B9D8FED2 /* [CP] Check Pods Manifest.lock */,
				A0DCC2D81E66DA1C0071A00E /* Sources */,
				A0DCC2D91E66DA1C0071A00E /* Frameworks */,
				A0DCC2DA1E66DA1C0071A00E /* Resources */,
				8E8F967C23C35DCF0627AD37 /* [CP] Embed Pods Frameworks */,
				CD93F62770CA3F1BDABB55ED /* [CP] Copy Pods Resources */,
			);
			buildRules = (
			);
			dependencies = (
				A0DCC2DE1E66DA1C0071A00E /* PBXTargetDependency */,
			);
			name = flashcardTests;
			productName = flashcardTests;
			productReference = A0DCC2DC1E66DA1C0071A00E /* flashcardTests.xctest */;
			productType = "com.apple.product-type.bundle.unit-test";
		};
/* End PBXNativeTarget section */

/* Begin PBXProject section */
		A0DCC2C31E66DA1C0071A00E /* Project object */ = {
			isa = PBXProject;
			attributes = {
				LastSwiftUpdateCheck = 0800;
				LastUpgradeCheck = 0820;
				ORGANIZATIONNAME = "tasuku tozawa";
				TargetAttributes = {
					A0DCC2CA1E66DA1C0071A00E = {
						CreatedOnToolsVersion = 8.0;
						ProvisioningStyle = Automatic;
					};
					A0DCC2DB1E66DA1C0071A00E = {
						CreatedOnToolsVersion = 8.0;
						ProvisioningStyle = Automatic;
						TestTargetID = A0DCC2CA1E66DA1C0071A00E;
					};
				};
			};
			buildConfigurationList = A0DCC2C61E66DA1C0071A00E /* Build configuration list for PBXProject "flashcard" */;
			compatibilityVersion = "Xcode 3.2";
			developmentRegion = English;
			hasScannedForEncodings = 0;
			knownRegions = (
				en,
				Base,
			);
			mainGroup = A0DCC2C21E66DA1C0071A00E;
			productRefGroup = A0DCC2CC1E66DA1C0071A00E /* Products */;
			projectDirPath = "";
			projectRoot = "";
			targets = (
				A0DCC2CA1E66DA1C0071A00E /* flashcard */,
				A0DCC2DB1E66DA1C0071A00E /* flashcardTests */,
			);
		};
/* End PBXProject section */

/* Begin PBXResourcesBuildPhase section */
		A0DCC2C91E66DA1C0071A00E /* Resources */ = {
			isa = PBXResourcesBuildPhase;
			buildActionMask = 2147483647;
			files = (
				A0DCC2D31E66DA1C0071A00E /* Assets.xcassets in Resources */,
			);
			runOnlyForDeploymentPostprocessing = 0;
		};
		A0DCC2DA1E66DA1C0071A00E /* Resources */ = {
			isa = PBXResourcesBuildPhase;
			buildActionMask = 2147483647;
			files = (
			);
			runOnlyForDeploymentPostprocessing = 0;
		};
/* End PBXResourcesBuildPhase section */

/* Begin PBXShellScriptBuildPhase section */
		2C342A3C1EF4A02100DFC085 /* Swift Fromat */ = {
			isa = PBXShellScriptBuildPhase;
			buildActionMask = 2147483647;
			files = (
			);
			inputPaths = (
			);
			name = "Swift Fromat";
			outputPaths = (
			);
			runOnlyForDeploymentPostprocessing = 0;
			shellPath = /bin/sh;
			shellScript = "\"${SRCROOT}/Pods/SwiftFormat/CommandLineTool/swiftformat\" \"--disable\" \"redundantSelf\" \"${SRCROOT}/flashcard/src\"";
		};
		3940238AD8EE38B9B9D8FED2 /* [CP] Check Pods Manifest.lock */ = {
			isa = PBXShellScriptBuildPhase;
			buildActionMask = 2147483647;
			files = (
			);
			inputPaths = (
			);
			name = "[CP] Check Pods Manifest.lock";
			outputPaths = (
			);
			runOnlyForDeploymentPostprocessing = 0;
			shellPath = /bin/sh;
			shellScript = "diff \"${PODS_PODFILE_DIR_PATH}/Podfile.lock\" \"${PODS_ROOT}/Manifest.lock\" > /dev/null\nif [ $? != 0 ] ; then\n    # print error to STDERR\n    echo \"error: The sandbox is not in sync with the Podfile.lock. Run 'pod install' or update your CocoaPods installation.\" >&2\n    exit 1\nfi\n";
			showEnvVarsInLog = 0;
		};
		596FEECD4D5181D038B0052C /* [CP] Copy Pods Resources */ = {
			isa = PBXShellScriptBuildPhase;
			buildActionMask = 2147483647;
			files = (
			);
			inputPaths = (
			);
			name = "[CP] Copy Pods Resources";
			outputPaths = (
			);
			runOnlyForDeploymentPostprocessing = 0;
			shellPath = /bin/sh;
			shellScript = "\"${SRCROOT}/Pods/Target Support Files/Pods-flashcard/Pods-flashcard-resources.sh\"\n";
			showEnvVarsInLog = 0;
		};
		6A6C762DD2A3A0613DC4AB40 /* [CP] Check Pods Manifest.lock */ = {
			isa = PBXShellScriptBuildPhase;
			buildActionMask = 2147483647;
			files = (
			);
			inputPaths = (
			);
			name = "[CP] Check Pods Manifest.lock";
			outputPaths = (
			);
			runOnlyForDeploymentPostprocessing = 0;
			shellPath = /bin/sh;
			shellScript = "diff \"${PODS_PODFILE_DIR_PATH}/Podfile.lock\" \"${PODS_ROOT}/Manifest.lock\" > /dev/null\nif [ $? != 0 ] ; then\n    # print error to STDERR\n    echo \"error: The sandbox is not in sync with the Podfile.lock. Run 'pod install' or update your CocoaPods installation.\" >&2\n    exit 1\nfi\n";
			showEnvVarsInLog = 0;
		};
		7D542FDA8AB0058124FC3FE0 /* [CP] Embed Pods Frameworks */ = {
			isa = PBXShellScriptBuildPhase;
			buildActionMask = 2147483647;
			files = (
			);
			inputPaths = (
			);
			name = "[CP] Embed Pods Frameworks";
			outputPaths = (
			);
			runOnlyForDeploymentPostprocessing = 0;
			shellPath = /bin/sh;
			shellScript = "\"${SRCROOT}/Pods/Target Support Files/Pods-flashcard/Pods-flashcard-frameworks.sh\"\n";
			showEnvVarsInLog = 0;
		};
		8E8F967C23C35DCF0627AD37 /* [CP] Embed Pods Frameworks */ = {
			isa = PBXShellScriptBuildPhase;
			buildActionMask = 2147483647;
			files = (
			);
			inputPaths = (
			);
			name = "[CP] Embed Pods Frameworks";
			outputPaths = (
			);
			runOnlyForDeploymentPostprocessing = 0;
			shellPath = /bin/sh;
			shellScript = "\"${SRCROOT}/Pods/Target Support Files/Pods-flashcardTests/Pods-flashcardTests-frameworks.sh\"\n";
			showEnvVarsInLog = 0;
		};
		CD93F62770CA3F1BDABB55ED /* [CP] Copy Pods Resources */ = {
			isa = PBXShellScriptBuildPhase;
			buildActionMask = 2147483647;
			files = (
			);
			inputPaths = (
			);
			name = "[CP] Copy Pods Resources";
			outputPaths = (
			);
			runOnlyForDeploymentPostprocessing = 0;
			shellPath = /bin/sh;
			shellScript = "\"${SRCROOT}/Pods/Target Support Files/Pods-flashcardTests/Pods-flashcardTests-resources.sh\"\n";
			showEnvVarsInLog = 0;
		};
/* End PBXShellScriptBuildPhase section */

/* Begin PBXSourcesBuildPhase section */
		A0DCC2C71E66DA1C0071A00E /* Sources */ = {
			isa = PBXSourcesBuildPhase;
			buildActionMask = 2147483647;
			files = (
				2C471B5B1E81503300FCF0DA /* GeneralView.swift in Sources */,
				2CBD97741E7B9F19007031BD /* NSView+removeAllConstraints.swift in Sources */,
				2C47D9E51EFAB38800EAFE8B /* ViewSizeProvider.swift in Sources */,
				A0CA5D4E1EFB309D004DA8AD /* NSKeyDetectableWindow.swift in Sources */,
				A0CA5D531EFB3D19004DA8AD /* HoldersViewController.swift in Sources */,
				2C471B551E7BAA6A00FCF0DA /* Card.swift in Sources */,
				2C4769781E85F00400814D28 /* PlayCardView.swift in Sources */,
				2C06ABD51E8EA48400B6DE70 /* String+removeInt.swift in Sources */,
				2C4769951E8D3D4400814D28 /* CardsListPresenter.swift in Sources */,
				2C06ABDE1E8FBA2600B6DE70 /* Array+canAccess.swift in Sources */,
				A0DCC2D11E66DA1C0071A00E /* SearchViewController.swift in Sources */,
				2C47698D1E8A3C0100814D28 /* CardHolderTableView.swift in Sources */,
				2CA38D611E72421700E850FC /* EditCardViewController.swift in Sources */,
				A0DCC2CF1E66DA1C0071A00E /* AppDelegate.swift in Sources */,
				2CA38D771E73735600E850FC /* SearchResultView.swift in Sources */,
				2C914D3D1EFAA6B300EFE936 /* WindowSizeCalculator.swift in Sources */,
				2C4769851E87427200814D28 /* AppSettings.swift in Sources */,
				2C4769831E86AA8D00814D28 /* StatusBarItemController.swift in Sources */,
				2C471B621E8204A700FCF0DA /* CardsViewController.swift in Sources */,
				2CA38D751E736E7700E850FC /* SearchResultsView.swift in Sources */,
				2C9A0D411E985F19007225E7 /* CardNode.swift in Sources */,
				2C47697A1E8696DB00814D28 /* Collection+shuffle.swift in Sources */,
				2C06ABD81E8F697200B6DE70 /* myTextLabel.swift in Sources */,
				2C06ABDC1E8F925F00B6DE70 /* myNSButton.swift in Sources */,
				A0CA5D5A1EFB45A9004DA8AD /* HoldersCardsViewController.swift in Sources */,
				2C471B571E7BAA8F00FCF0DA /* CardHolder.swift in Sources */,
				A0CA5D571EFB40D5004DA8AD /* HoldersCardsView.swift in Sources */,
				A0B2ED611E68EE5400D4F083 /* QuickWindowController.swift in Sources */,
				2C06ABD31E8EA46700B6DE70 /* String+componentsSeparated.swift in Sources */,
				2C471B601E82049500FCF0DA /* CardsView.swift in Sources */,
				2CA38D631E72424700E850FC /* EditCardView.swift in Sources */,
				2C06ABDA1E8F6AD200B6DE70 /* myRecordView.swift in Sources */,
				2C471B591E813D0300FCF0DA /* NSRange+contain.swift in Sources */,
				2C9A0D431E9886E2007225E7 /* PlayCardScene.swift in Sources */,
				2CD495951E7138880001B727 /* CoreServiceDictionary.swift in Sources */,
				A0CA5D511EFB33B9004DA8AD /* SettingsWindowToolbar.swift in Sources */,
				2C4769801E86AA4D00814D28 /* StatusBarItem.swift in Sources */,
				2C06ABE01E9103B500B6DE70 /* String+calcWidth+calcHeight.swift in Sources */,
				A0B2ED5C1E68DBF700D4F083 /* main.swift in Sources */,
				2CD4958D1E6CE6150001B727 /* SettingsWindowController.swift in Sources */,
				2C47697C1E86971500814D28 /* MutableCollection+shuffleInPlace.swift in Sources */,
				2C471B5E1E81F50C00FCF0DA /* GeneralViewController.swift in Sources */,
				A0CA5D551EFB4096004DA8AD /* HoldersView.swift in Sources */,
				A0809A8B1E6A286F005F3724 /* SearchView.swift in Sources */,
				2C06ABE21E910CAC00B6DE70 /* NSTextField+focusWithoutSelectText.swift in Sources */,
				2C3AA4681E97CEE200988ACC /* Score.swift in Sources */,
				2C4769971E8D3EFD00814D28 /* CardHoldersListPresenter.swift in Sources */,
				2C4769761E85EF9B00814D28 /* PlayCardViewController.swift in Sources */,
				2C4769741E85EF4100814D28 /* PlayCardWindowController.swift in Sources */,
				2C47698F1E8A452500814D28 /* CardTableView.swift in Sources */,
			);
			runOnlyForDeploymentPostprocessing = 0;
		};
		A0DCC2D81E66DA1C0071A00E /* Sources */ = {
			isa = PBXSourcesBuildPhase;
			buildActionMask = 2147483647;
			files = (
				A0DCC2E11E66DA1C0071A00E /* flashcardTests.swift in Sources */,
			);
			runOnlyForDeploymentPostprocessing = 0;
		};
/* End PBXSourcesBuildPhase section */

/* Begin PBXTargetDependency section */
		A0DCC2DE1E66DA1C0071A00E /* PBXTargetDependency */ = {
			isa = PBXTargetDependency;
			target = A0DCC2CA1E66DA1C0071A00E /* flashcard */;
			targetProxy = A0DCC2DD1E66DA1C0071A00E /* PBXContainerItemProxy */;
		};
/* End PBXTargetDependency section */

/* Begin XCBuildConfiguration section */
		A0DCC2E31E66DA1C0071A00E /* Debug */ = {
			isa = XCBuildConfiguration;
			buildSettings = {
				ALWAYS_SEARCH_USER_PATHS = NO;
				CLANG_ANALYZER_NONNULL = YES;
				CLANG_CXX_LANGUAGE_STANDARD = "gnu++0x";
				CLANG_CXX_LIBRARY = "libc++";
				CLANG_ENABLE_MODULES = YES;
				CLANG_ENABLE_OBJC_ARC = YES;
				CLANG_WARN_BOOL_CONVERSION = YES;
				CLANG_WARN_CONSTANT_CONVERSION = YES;
				CLANG_WARN_DIRECT_OBJC_ISA_USAGE = YES_ERROR;
				CLANG_WARN_DOCUMENTATION_COMMENTS = YES;
				CLANG_WARN_EMPTY_BODY = YES;
				CLANG_WARN_ENUM_CONVERSION = YES;
				CLANG_WARN_INFINITE_RECURSION = YES;
				CLANG_WARN_INT_CONVERSION = YES;
				CLANG_WARN_OBJC_ROOT_CLASS = YES_ERROR;
				CLANG_WARN_SUSPICIOUS_MOVE = YES;
				CLANG_WARN_SUSPICIOUS_MOVES = YES;
				CLANG_WARN_UNREACHABLE_CODE = YES;
				CLANG_WARN__DUPLICATE_METHOD_MATCH = YES;
				CODE_SIGN_IDENTITY = "-";
				COPY_PHASE_STRIP = NO;
				DEBUG_INFORMATION_FORMAT = dwarf;
				ENABLE_STRICT_OBJC_MSGSEND = YES;
				ENABLE_TESTABILITY = YES;
				GCC_C_LANGUAGE_STANDARD = gnu99;
				GCC_DYNAMIC_NO_PIC = NO;
				GCC_NO_COMMON_BLOCKS = YES;
				GCC_OPTIMIZATION_LEVEL = 0;
				GCC_PREPROCESSOR_DEFINITIONS = (
					"DEBUG=1",
					"$(inherited)",
				);
				GCC_WARN_64_TO_32_BIT_CONVERSION = YES;
				GCC_WARN_ABOUT_RETURN_TYPE = YES_ERROR;
				GCC_WARN_UNDECLARED_SELECTOR = YES;
				GCC_WARN_UNINITIALIZED_AUTOS = YES_AGGRESSIVE;
				GCC_WARN_UNUSED_FUNCTION = YES;
				GCC_WARN_UNUSED_VARIABLE = YES;
				MACOSX_DEPLOYMENT_TARGET = 10.12;
				MTL_ENABLE_DEBUG_INFO = YES;
				ONLY_ACTIVE_ARCH = YES;
				SDKROOT = macosx;
				SWIFT_ACTIVE_COMPILATION_CONDITIONS = DEBUG;
				SWIFT_OPTIMIZATION_LEVEL = "-Onone";
			};
			name = Debug;
		};
		A0DCC2E41E66DA1C0071A00E /* Release */ = {
			isa = XCBuildConfiguration;
			buildSettings = {
				ALWAYS_SEARCH_USER_PATHS = NO;
				CLANG_ANALYZER_NONNULL = YES;
				CLANG_CXX_LANGUAGE_STANDARD = "gnu++0x";
				CLANG_CXX_LIBRARY = "libc++";
				CLANG_ENABLE_MODULES = YES;
				CLANG_ENABLE_OBJC_ARC = YES;
				CLANG_WARN_BOOL_CONVERSION = YES;
				CLANG_WARN_CONSTANT_CONVERSION = YES;
				CLANG_WARN_DIRECT_OBJC_ISA_USAGE = YES_ERROR;
				CLANG_WARN_DOCUMENTATION_COMMENTS = YES;
				CLANG_WARN_EMPTY_BODY = YES;
				CLANG_WARN_ENUM_CONVERSION = YES;
				CLANG_WARN_INFINITE_RECURSION = YES;
				CLANG_WARN_INT_CONVERSION = YES;
				CLANG_WARN_OBJC_ROOT_CLASS = YES_ERROR;
				CLANG_WARN_SUSPICIOUS_MOVE = YES;
				CLANG_WARN_SUSPICIOUS_MOVES = YES;
				CLANG_WARN_UNREACHABLE_CODE = YES;
				CLANG_WARN__DUPLICATE_METHOD_MATCH = YES;
				CODE_SIGN_IDENTITY = "-";
				COPY_PHASE_STRIP = NO;
				DEBUG_INFORMATION_FORMAT = "dwarf-with-dsym";
				ENABLE_NS_ASSERTIONS = NO;
				ENABLE_STRICT_OBJC_MSGSEND = YES;
				GCC_C_LANGUAGE_STANDARD = gnu99;
				GCC_NO_COMMON_BLOCKS = YES;
				GCC_WARN_64_TO_32_BIT_CONVERSION = YES;
				GCC_WARN_ABOUT_RETURN_TYPE = YES_ERROR;
				GCC_WARN_UNDECLARED_SELECTOR = YES;
				GCC_WARN_UNINITIALIZED_AUTOS = YES_AGGRESSIVE;
				GCC_WARN_UNUSED_FUNCTION = YES;
				GCC_WARN_UNUSED_VARIABLE = YES;
				MACOSX_DEPLOYMENT_TARGET = 10.12;
				MTL_ENABLE_DEBUG_INFO = NO;
				SDKROOT = macosx;
				SWIFT_OPTIMIZATION_LEVEL = "-Owholemodule";
			};
			name = Release;
		};
		A0DCC2E61E66DA1C0071A00E /* Debug */ = {
			isa = XCBuildConfiguration;
			baseConfigurationReference = B8354AEEB114B9B33003A885 /* Pods-flashcard.debug.xcconfig */;
			buildSettings = {
				ASSETCATALOG_COMPILER_APPICON_NAME = AppIcon;
				COMBINE_HIDPI_IMAGES = YES;
				INFOPLIST_FILE = flashcard/resources/Info.plist;
				LD_RUNPATH_SEARCH_PATHS = "$(inherited) @executable_path/../Frameworks";
				PRODUCT_BUNDLE_IDENTIFIER = com.example.flashcard;
				PRODUCT_NAME = "$(TARGET_NAME)";
				SWIFT_VERSION = 3.0;
			};
			name = Debug;
		};
		A0DCC2E71E66DA1C0071A00E /* Release */ = {
			isa = XCBuildConfiguration;
			baseConfigurationReference = E209058C349CCEA67DFC8363 /* Pods-flashcard.release.xcconfig */;
			buildSettings = {
				ASSETCATALOG_COMPILER_APPICON_NAME = AppIcon;
				COMBINE_HIDPI_IMAGES = YES;
				INFOPLIST_FILE = flashcard/resources/Info.plist;
				LD_RUNPATH_SEARCH_PATHS = "$(inherited) @executable_path/../Frameworks";
				PRODUCT_BUNDLE_IDENTIFIER = com.example.flashcard;
				PRODUCT_NAME = "$(TARGET_NAME)";
				SWIFT_VERSION = 3.0;
			};
			name = Release;
		};
		A0DCC2E91E66DA1C0071A00E /* Debug */ = {
			isa = XCBuildConfiguration;
			baseConfigurationReference = C9F6736538DABCC989E41A4F /* Pods-flashcardTests.debug.xcconfig */;
			buildSettings = {
				ALWAYS_EMBED_SWIFT_STANDARD_LIBRARIES = YES;
				BUNDLE_LOADER = "$(TEST_HOST)";
				COMBINE_HIDPI_IMAGES = YES;
				INFOPLIST_FILE = flashcardTests/Info.plist;
				LD_RUNPATH_SEARCH_PATHS = "$(inherited) @executable_path/../Frameworks @loader_path/../Frameworks";
				PRODUCT_BUNDLE_IDENTIFIER = com.example.flashcardTests;
				PRODUCT_NAME = "$(TARGET_NAME)";
				SWIFT_VERSION = 3.0;
				TEST_HOST = "$(BUILT_PRODUCTS_DIR)/flashcard.app/Contents/MacOS/flashcard";
			};
			name = Debug;
		};
		A0DCC2EA1E66DA1C0071A00E /* Release */ = {
			isa = XCBuildConfiguration;
			baseConfigurationReference = 96EC89399B92D09C818CF547 /* Pods-flashcardTests.release.xcconfig */;
			buildSettings = {
				ALWAYS_EMBED_SWIFT_STANDARD_LIBRARIES = YES;
				BUNDLE_LOADER = "$(TEST_HOST)";
				COMBINE_HIDPI_IMAGES = YES;
				INFOPLIST_FILE = flashcardTests/Info.plist;
				LD_RUNPATH_SEARCH_PATHS = "$(inherited) @executable_path/../Frameworks @loader_path/../Frameworks";
				PRODUCT_BUNDLE_IDENTIFIER = com.example.flashcardTests;
				PRODUCT_NAME = "$(TARGET_NAME)";
				SWIFT_VERSION = 3.0;
				TEST_HOST = "$(BUILT_PRODUCTS_DIR)/flashcard.app/Contents/MacOS/flashcard";
			};
			name = Release;
		};
/* End XCBuildConfiguration section */

/* Begin XCConfigurationList section */
		A0DCC2C61E66DA1C0071A00E /* Build configuration list for PBXProject "flashcard" */ = {
			isa = XCConfigurationList;
			buildConfigurations = (
				A0DCC2E31E66DA1C0071A00E /* Debug */,
				A0DCC2E41E66DA1C0071A00E /* Release */,
			);
			defaultConfigurationIsVisible = 0;
			defaultConfigurationName = Release;
		};
		A0DCC2E51E66DA1C0071A00E /* Build configuration list for PBXNativeTarget "flashcard" */ = {
			isa = XCConfigurationList;
			buildConfigurations = (
				A0DCC2E61E66DA1C0071A00E /* Debug */,
				A0DCC2E71E66DA1C0071A00E /* Release */,
			);
			defaultConfigurationIsVisible = 0;
			defaultConfigurationName = Release;
		};
		A0DCC2E81E66DA1C0071A00E /* Build configuration list for PBXNativeTarget "flashcardTests" */ = {
			isa = XCConfigurationList;
			buildConfigurations = (
				A0DCC2E91E66DA1C0071A00E /* Debug */,
				A0DCC2EA1E66DA1C0071A00E /* Release */,
			);
			defaultConfigurationIsVisible = 0;
			defaultConfigurationName = Release;
		};
/* End XCConfigurationList section */
	};
	rootObject = A0DCC2C31E66DA1C0071A00E /* Project object */;
}
